
Microsoft Visual Studio Solution File, Format Version 12.00
# Visual Studio 15
VisualStudioVersion = 15.0.28307.1082
MinimumVisualStudioVersion = 10.0.40219.1
Project("{34036844-64E7-43A5-9151-4AD90E180989}") = "SoaIoTEdgeTempSensor", "SoaIoTEdgeTempSensor\SoaIoTEdgeTempSensor.iotedgeproj", "{0F6CFD93-26CD-4B85-8447-37EBED88B24F}"
EndProject
Project("{FAE04EC0-301F-11D3-BF4B-00C04F79EFBC}") = "EdgeFilterMessages", "EdgeFilterMessages\EdgeFilterMessages.csproj", "{5283E86D-D82E-418A-AA52-13EAF2ACE9ED}"
EndProject
Global
	GlobalSection(SolutionConfigurationPlatforms) = preSolution
		Debug|Any CPU = Debug|Any CPU
		Release|Any CPU = Release|Any CPU
	EndGlobalSection
	GlobalSection(ProjectConfigurationPlatforms) = postSolution
		{0F6CFD93-26CD-4B85-8447-37EBED88B24F}.Debug|Any CPU.ActiveCfg = Debug|Any CPU
		{0F6CFD93-26CD-4B85-8447-37EBED88B24F}.Debug|Any CPU.Build.0 = Debug|Any CPU
		{0F6CFD93-26CD-4B85-8447-37EBED88B24F}.Release|Any CPU.ActiveCfg = Release|Any CPU
		{0F6CFD93-26CD-4B85-8447-37EBED88B24F}.Release|Any CPU.Build.0 = Release|Any CPU
		{5283E86D-D82E-418A-AA52-13EAF2ACE9ED}.Debug|Any CPU.ActiveCfg = Debug|Any CPU
		{5283E86D-D82E-418A-AA52-13EAF2ACE9ED}.Debug|Any CPU.Build.0 = Debug|Any CPU
		{5283E86D-D82E-418A-AA52-13EAF2ACE9ED}.Release|Any CPU.ActiveCfg = Release|Any CPU
		{5283E86D-D82E-418A-AA52-13EAF2ACE9ED}.Release|Any CPU.Build.0 = Release|Any CPU
	EndGlobalSection
	GlobalSection(SolutionProperties) = preSolution
		HideSolutionNode = FALSE
	EndGlobalSection
	GlobalSection(ExtensibilityGlobals) = postSolution
		SolutionGuid = {C20BCA8D-6AFD-4EC9-A69C-EE08E74BAD3F}
	EndGlobalSection
EndGlobal
